#MicroXplorer Configuration settings - do not modify
Mcu.Family=STM32F4
SH.GPXTI1.0=GPIO_EXTI1
ProjectManager.MainLocation=Core/Src
PA6.Mode=Full_Duplex_Master
RCC.CortexFreq_Value=100000000
ProjectManager.KeepUserCode=true
Mcu.UserName=STM32F411VETx
SPI1.VirtualType=VM_MASTER
TIM1.IPParameters=Channel-PWM Generation1 CH1,Prescaler,Period
RCC.PLLCLKFreq_Value=100000000
RCC.PLLQCLKFreq_Value=50000000
PC5.Locked=true
PB2.GPIO_Speed=GPIO_SPEED_FREQ_VERY_HIGH
ProjectManager.functionlistsort=1-MX_GPIO_Init-GPIO-false-HAL-true,2-SystemClock_Config-RCC-false-HAL-false,3-MX_SPI1_Init-SPI1-false-HAL-true,4-MX_TIM2_Init-TIM2-false-HAL-true
PC0.GPIOParameters=GPIO_PuPd,GPIO_Label,GPIO_ModeDefaultEXTI
PA2.GPIO_Speed=GPIO_SPEED_FREQ_VERY_HIGH
PC0.GPIO_Label=BTN_UP
PC6.GPIO_Label=BTN_RIGHT
RCC.RTCFreq_Value=32000
PA3.GPIOParameters=GPIO_Speed,GPIO_Label
PB0.GPIO_Label=MOTOR1_DIR
SH.S_TIM1_CH1.ConfNb=1
PC1.Locked=true
PA3.GPIO_Speed=GPIO_SPEED_FREQ_VERY_HIGH
PA2.GPIOParameters=GPIO_Speed,GPIO_Label
PinOutPanel.RotationAngle=0
RCC.SYSCLKSource=RCC_SYSCLKSOURCE_PLLCLK
ProjectManager.StackSize=0x400
SH.GPXTI2.0=GPIO_EXTI2
Mcu.IP4=TIM1
RCC.FCLKCortexFreq_Value=100000000
Mcu.IP5=TIM2
NVIC.SVCall_IRQn=true\:0\:0\:false\:false\:true\:false\:false
Mcu.IP2=SPI1
Mcu.IP3=SYS
Mcu.IP0=NVIC
NVIC.EXTI1_IRQn=true\:0\:0\:false\:false\:true\:true\:true
Mcu.IP1=RCC
TIM1.Prescaler=99
Mcu.UserConstants=
PH0\ -\ OSC_IN.Signal=RCC_OSC_IN
PC1.GPIOParameters=GPIO_PuPd,GPIO_Label,GPIO_ModeDefaultEXTI
Mcu.ThirdPartyNb=0
SPI1.Direction=SPI_DIRECTION_2LINES
RCC.HCLKFreq_Value=100000000
Mcu.IPNb=8
RCC.I2SClocksFreq_Value=96000000
TIM2.IPParameters=Prescaler,Period,AutoReloadPreload,Channel-PWM Generation1 CH1
ProjectManager.PreviousToolchain=
RCC.APB2TimFreq_Value=100000000
RCC.VcooutputI2S=96000000
SPI1.CalculateBaudRate=25.0 MBits/s
Mcu.Pin6=PC1
Mcu.Pin7=PC2
VP_TIM2_VS_ClockSourceINT.Signal=TIM2_VS_ClockSourceINT
PE5.Signal=S_TIM9_CH1
Mcu.Pin8=PA0-WKUP
Mcu.Pin9=PA2
RCC.AHBFreq_Value=100000000
Mcu.Pin0=PE5
Mcu.Pin1=PC14-OSC32_IN
GPIO.groupedBy=Group By Peripherals
Mcu.Pin2=PC15-OSC32_OUT
Mcu.Pin3=PH0 - OSC_IN
Mcu.Pin4=PH1 - OSC_OUT
Mcu.Pin5=PC0
ProjectManager.ProjectBuild=false
RCC.HSE_VALUE=25000000
NVIC.UsageFault_IRQn=true\:0\:0\:false\:false\:true\:false\:false
NVIC.DebugMonitor_IRQn=true\:0\:0\:false\:false\:true\:false\:false
PB2.Signal=GPIO_Output
PA8.Locked=true
PA4.Locked=true
PC1.GPIO_PuPd=GPIO_PULLUP
NVIC.SysTick_IRQn=true\:0\:0\:false\:false\:true\:false\:true
PA4.GPIO_Speed=GPIO_SPEED_FREQ_VERY_HIGH
ProjectManager.FirmwarePackage=STM32Cube FW_F4 V1.26.2
MxDb.Version=DB.6.0.21
PB0.GPIOParameters=GPIO_Speed,GPIO_Label
ProjectManager.BackupPrevious=false
PC14-OSC32_IN.Mode=LSE-External-Oscillator
RCC.VCOInputFreq_Value=2000000
PC4.GPIO_Label=BTN_SELECT
TIM1.Channel-PWM\ Generation1\ CH1=TIM_CHANNEL_1
PB1.GPIO_Speed=GPIO_SPEED_FREQ_VERY_HIGH
PB1.GPIO_Label=MOTOR2_DIR
NVIC.TIM2_IRQn=true\:0\:0\:false\:false\:true\:true\:true
File.Version=6
PA8.Signal=S_TIM1_CH1
TIM2.Channel-PWM\ Generation1\ CH1=TIM_CHANNEL_1
NVIC.PendSV_IRQn=true\:0\:0\:false\:false\:true\:false\:false
TIM4.Period=99
ProjectManager.HalAssertFull=false
VP_TIM1_VS_ClockSourceINT.Mode=Internal
PB0.Locked=true
TIM9.Prescaler=99
ProjectManager.ProjectName=Test_LCD
PC0.GPIO_ModeDefaultEXTI=GPIO_MODE_IT_FALLING
RCC.MCO2PinFreq_Value=100000000
Mcu.Package=LQFP100
TIM2.Prescaler=99
PB1.Signal=GPIO_Output
PA6.Signal=SPI1_MISO
ProjectManager.ToolChainLocation=
PA2.GPIO_Label=RES
RCC.LSI_VALUE=32000
SH.GPXTI0.0=GPIO_EXTI0
VP_SYS_VS_Systick.Signal=SYS_VS_Systick
SH.GPXTI5.ConfNb=1
PC6.GPIO_PuPd=GPIO_PULLUP
NVIC.EXTI2_IRQn=true\:0\:0\:false\:false\:true\:true\:true
RCC.APB1TimFreq_Value=100000000
NVIC.BusFault_IRQn=true\:0\:0\:false\:false\:true\:false\:false
PC4.Locked=true
PC5.Signal=GPXTI5
TIM1.Period=1135
PC0.GPIO_PuPd=GPIO_PULLUP
SPI1.BaudRatePrescaler=SPI_BAUDRATEPRESCALER_4
PA4.GPIO_Label=CS
PC2.GPIO_Label=BTN_LEFT
TIM9.IPParameters=Channel-PWM Generation1 CH1,Prescaler,Period
ProjectManager.CustomerFirmwarePackage=
PC4.GPIOParameters=GPIO_PuPd,GPIO_Label,GPIO_ModeDefaultEXTI
TIM9.Period=1135
PC2.GPIO_ModeDefaultEXTI=GPIO_MODE_IT_FALLING
PA3.Signal=GPIO_Output
PA5.Mode=Full_Duplex_Master
PA2.Locked=true
PC15-OSC32_OUT.Mode=LSE-External-Oscillator
NVIC.EXTI4_IRQn=true\:0\:0\:false\:false\:true\:true\:true
SH.GPXTI5.0=GPIO_EXTI5
PC4.GPIO_ModeDefaultEXTI=GPIO_MODE_IT_FALLING
TIM9.Channel-PWM\ Generation1\ CH1=TIM_CHANNEL_1
ProjectManager.ProjectFileName=Test_LCD.ioc
PA7.Mode=Full_Duplex_Master
Mcu.PinsNb=27
ProjectManager.NoMain=false
SPI1.IPParameters=VirtualType,Mode,Direction,CalculateBaudRate,BaudRatePrescaler
PC4.GPIO_PuPd=GPIO_PULLUP
PH1\ -\ OSC_OUT.Mode=HSE-External-Oscillator
PC2.Signal=GPXTI2
PC4.Signal=GPXTI4
PC6.Signal=GPXTI6
SH.GPXTI0.ConfNb=1
ProjectManager.DefaultFWLocation=true
ProjectManager.DeletePrevious=true
PC0.Signal=GPXTI0
RCC.APB1CLKDivider=RCC_HCLK_DIV2
PC14-OSC32_IN.Signal=RCC_OSC32_IN
PC5.GPIO_PuPd=GPIO_PULLUP
SH.S_TIM2_CH1_ETR.ConfNb=1
RCC.FamilyName=M
VP_TIM9_VS_ClockSourceINT.Signal=TIM9_VS_ClockSourceINT
PA0-WKUP.Signal=S_TIM2_CH1_ETR
PB0.GPIO_Speed=GPIO_SPEED_FREQ_VERY_HIGH
SH.GPXTI6.0=GPIO_EXTI6
SH.GPXTI6.ConfNb=1
PH0\ -\ OSC_IN.Mode=HSE-External-Oscillator
SH.S_TIM1_CH1.0=TIM1_CH1,PWM Generation1 CH1
SH.GPXTI2.ConfNb=1
PC6.GPIO_ModeDefaultEXTI=GPIO_MODE_IT_FALLING
VP_TIM4_VS_ClockSourceINT.Signal=TIM4_VS_ClockSourceINT
ProjectManager.TargetToolchain=STM32CubeIDE
TIM4.IPParameters=Prescaler,Period
PC6.Locked=true
PC5.GPIOParameters=GPIO_PuPd,GPIO_Label,GPIO_ModeDefaultEXTI
PB2.GPIOParameters=GPIO_Speed,GPIO_Label
VP_TIM1_VS_ClockSourceINT.Signal=TIM1_VS_ClockSourceINT
RCC.VCOInputMFreq_Value=1000000
PC2.Locked=true
ProjectManager.RegisterCallBack=
TIM4.Prescaler=999
PC15-OSC32_OUT.Signal=RCC_OSC32_OUT
PC5.GPIO_ModeDefaultEXTI=GPIO_MODE_IT_FALLING
PB1.Locked=true
RCC.VCOI2SOutputFreq_Value=192000000
PA5.Signal=SPI1_SCK
PH1\ -\ OSC_OUT.Signal=RCC_OSC_OUT
board=custom
RCC.VCOOutputFreq_Value=200000000
ProjectManager.LastFirmware=true
VP_TIM9_VS_ClockSourceINT.Mode=Internal
NVIC.SPI1_IRQn=true\:0\:0\:false\:false\:true\:true\:true
RCC.APB2Freq_Value=100000000
MxCube.Version=6.2.1
VP_TIM2_VS_ClockSourceINT.Mode=Internal
SPI1.Mode=SPI_MODE_MASTER
PC2.GPIOParameters=GPIO_PuPd,GPIO_Label,GPIO_ModeDefaultEXTI
PC1.GPIO_Label=BTN_DOWN
VP_SYS_VS_Systick.Mode=SysTick
RCC.EthernetFreq_Value=100000000
SH.S_TIM9_CH1.0=TIM9_CH1,PWM Generation1 CH1
NVIC.NonMaskableInt_IRQn=true\:0\:0\:false\:false\:true\:false\:false
PA4.GPIOParameters=GPIO_Speed,GPIO_Label
SH.S_TIM9_CH1.ConfNb=1
PC2.GPIO_PuPd=GPIO_PULLUP
TIM2.Period=1135
ProjectManager.FreePins=false
RCC.IPParameters=48MHZClocksFreq_Value,AHBFreq_Value,APB1CLKDivider,APB1Freq_Value,APB1TimFreq_Value,APB2Freq_Value,APB2TimFreq_Value,CortexFreq_Value,EthernetFreq_Value,FCLKCortexFreq_Value,FamilyName,HCLKFreq_Value,HSE_VALUE,HSI_VALUE,I2SClocksFreq_Value,LSI_VALUE,MCO2PinFreq_Value,PLLCLKFreq_Value,PLLM,PLLN,PLLQCLKFreq_Value,RTCFreq_Value,RTCHSEDivFreq_Value,SYSCLKFreq_VALUE,SYSCLKSource,VCOI2SOutputFreq_Value,VCOInputFreq_Value,VCOInputMFreq_Value,VCOOutputFreq_Value,VcooutputI2S
ProjectManager.AskForMigrate=true
Mcu.Name=STM32F411V(C-E)Tx
Mcu.Pin26=VP_TIM9_VS_ClockSourceINT
RCC.RTCHSEDivFreq_Value=12500000
PA2.Signal=GPIO_Output
Mcu.Pin24=VP_TIM2_VS_ClockSourceINT
ProjectManager.UnderRoot=true
Mcu.Pin25=VP_TIM4_VS_ClockSourceINT
PB2.Locked=true
Mcu.IP6=TIM4
Mcu.IP7=TIM9
ProjectManager.CoupleFile=false
RCC.48MHZClocksFreq_Value=50000000
NVIC.EXTI0_IRQn=true\:0\:0\:false\:false\:true\:true\:true
PA4.Signal=GPIO_Output
RCC.SYSCLKFreq_VALUE=100000000
Mcu.Pin22=VP_SYS_VS_Systick
Mcu.Pin23=VP_TIM1_VS_ClockSourceINT
Mcu.Pin20=PC6
PA3.Locked=true
Mcu.Pin21=PA8
SH.GPXTI4.0=GPIO_EXTI4
NVIC.ForceEnableDMAVector=true
KeepUserPlacement=false
PC5.GPIO_Label=BTN_BACK
NVIC.MemoryManagement_IRQn=true\:0\:0\:false\:false\:true\:false\:false
ProjectManager.CompilerOptimize=6
SH.S_TIM2_CH1_ETR.0=TIM2_CH1,PWM Generation1 CH1
NVIC.EXTI9_5_IRQn=true\:0\:0\:false\:false\:true\:true\:true
PB2.GPIO_Label=MOTOR3_DIR
ProjectManager.HeapSize=0x200
Mcu.Pin15=PC4
NVIC.HardFault_IRQn=true\:0\:0\:false\:false\:true\:false\:false
Mcu.Pin16=PC5
Mcu.Pin13=PA6
SH.GPXTI4.ConfNb=1
Mcu.Pin14=PA7
PC6.GPIOParameters=GPIO_PuPd,GPIO_Label,GPIO_ModeDefaultEXTI
Mcu.Pin19=PB2
ProjectManager.ComputerToolchain=false
Mcu.Pin17=PB0
RCC.HSI_VALUE=16000000
Mcu.Pin18=PB1
VP_TIM4_VS_ClockSourceINT.Mode=Internal
NVIC.PriorityGroup=NVIC_PRIORITYGROUP_4
Mcu.Pin11=PA4
Mcu.Pin12=PA5
RCC.PLLM=8
RCC.PLLN=100
PC1.GPIO_ModeDefaultEXTI=GPIO_MODE_IT_FALLING
Mcu.Pin10=PA3
TIM2.AutoReloadPreload=TIM_AUTORELOAD_PRELOAD_DISABLE
NVIC.FPU_IRQn=true\:0\:0\:false\:false\:true\:true\:false
SH.GPXTI1.ConfNb=1
NVIC.TIM4_IRQn=true\:0\:0\:false\:false\:true\:true\:true
RCC.APB1Freq_Value=50000000
PB0.Signal=GPIO_Output
PC0.Locked=true
ProjectManager.DeviceId=STM32F411VETx
PC1.Signal=GPXTI1
ProjectManager.LibraryCopy=1
PA3.GPIO_Label=DC
PB1.GPIOParameters=GPIO_Speed,GPIO_Label
PA7.Signal=SPI1_MOSI
isbadioc=false
